
Microsoft Visual Studio Solution File, Format Version 12.00
# Visual Studio Version 17
VisualStudioVersion = 17.9.34728.123
MinimumVisualStudioVersion = 10.0.40219.1
Project("{FAE04EC0-301F-11D3-BF4B-00C04F79EFBC}") = "ex06_caliburn_basic", "ex06_caliburn_basic\ex06_caliburn_basic.csproj", "{8C2EAB9A-B8ED-43F3-A627-83FE32ABDAB2}"
EndProject
Project("{FAE04EC0-301F-11D3-BF4B-00C04F79EFBC}") = "ex07_EmployeeMngApp", "ex07_EmployeeMngApp\ex07_EmployeeMngApp.csproj", "{D5987880-4572-420D-8291-971818E30B8E}"
EndProject
Global
	GlobalSection(SolutionConfigurationPlatforms) = preSolution
		Debug|Any CPU = Debug|Any CPU
		Release|Any CPU = Release|Any CPU
	EndGlobalSection
	GlobalSection(ProjectConfigurationPlatforms) = postSolution
		{8C2EAB9A-B8ED-43F3-A627-83FE32ABDAB2}.Debug|Any CPU.ActiveCfg = Debug|Any CPU
		{8C2EAB9A-B8ED-43F3-A627-83FE32ABDAB2}.Debug|Any CPU.Build.0 = Debug|Any CPU
		{8C2EAB9A-B8ED-43F3-A627-83FE32ABDAB2}.Release|Any CPU.ActiveCfg = Release|Any CPU
		{8C2EAB9A-B8ED-43F3-A627-83FE32ABDAB2}.Release|Any CPU.Build.0 = Release|Any CPU
		{D5987880-4572-420D-8291-971818E30B8E}.Debug|Any CPU.ActiveCfg = Debug|Any CPU
		{D5987880-4572-420D-8291-971818E30B8E}.Debug|Any CPU.Build.0 = Debug|Any CPU
		{D5987880-4572-420D-8291-971818E30B8E}.Release|Any CPU.ActiveCfg = Release|Any CPU
		{D5987880-4572-420D-8291-971818E30B8E}.Release|Any CPU.Build.0 = Release|Any CPU
	EndGlobalSection
	GlobalSection(SolutionProperties) = preSolution
		HideSolutionNode = FALSE
	EndGlobalSection
	GlobalSection(ExtensibilityGlobals) = postSolution
		SolutionGuid = {756C4A4F-77D1-49E5-9B86-D0D92767FB31}
	EndGlobalSection
EndGlobal
